
Microsoft Visual Studio Solution File, Format Version 12.00
# Visual Studio Version 17
VisualStudioVersion = 17.11.35312.102
MinimumVisualStudioVersion = 10.0.40219.1
Project("{8BC9CEB8-8B4A-11D0-8D11-00A0C91BC942}") = "lab 6.4 pek", "lab 6.4 pek.vcxproj", "{61E8B02A-5B51-4094-9D6F-A90C051AC855}"
EndProject
Project("{8BC9CEB8-8B4A-11D0-8D11-00A0C91BC942}") = "UnitTest6.4pek", "UnitTest6.4pek\UnitTest6.4pek.vcxproj", "{533794D1-9067-4994-9477-498D50EB612F}"
EndProject
Global
	GlobalSection(SolutionConfigurationPlatforms) = preSolution
		Debug|x64 = Debug|x64
		Debug|x86 = Debug|x86
		Release|x64 = Release|x64
		Release|x86 = Release|x86
	EndGlobalSection
	GlobalSection(ProjectConfigurationPlatforms) = postSolution
		{61E8B02A-5B51-4094-9D6F-A90C051AC855}.Debug|x64.ActiveCfg = Debug|x64
		{61E8B02A-5B51-4094-9D6F-A90C051AC855}.Debug|x64.Build.0 = Debug|x64
		{61E8B02A-5B51-4094-9D6F-A90C051AC855}.Debug|x86.ActiveCfg = Debug|Win32
		{61E8B02A-5B51-4094-9D6F-A90C051AC855}.Debug|x86.Build.0 = Debug|Win32
		{61E8B02A-5B51-4094-9D6F-A90C051AC855}.Release|x64.ActiveCfg = Release|x64
		{61E8B02A-5B51-4094-9D6F-A90C051AC855}.Release|x64.Build.0 = Release|x64
		{61E8B02A-5B51-4094-9D6F-A90C051AC855}.Release|x86.ActiveCfg = Release|Win32
		{61E8B02A-5B51-4094-9D6F-A90C051AC855}.Release|x86.Build.0 = Release|Win32
		{533794D1-9067-4994-9477-498D50EB612F}.Debug|x64.ActiveCfg = Debug|x64
		{533794D1-9067-4994-9477-498D50EB612F}.Debug|x64.Build.0 = Debug|x64
		{533794D1-9067-4994-9477-498D50EB612F}.Debug|x86.ActiveCfg = Debug|Win32
		{533794D1-9067-4994-9477-498D50EB612F}.Debug|x86.Build.0 = Debug|Win32
		{533794D1-9067-4994-9477-498D50EB612F}.Release|x64.ActiveCfg = Release|x64
		{533794D1-9067-4994-9477-498D50EB612F}.Release|x64.Build.0 = Release|x64
		{533794D1-9067-4994-9477-498D50EB612F}.Release|x86.ActiveCfg = Release|Win32
		{533794D1-9067-4994-9477-498D50EB612F}.Release|x86.Build.0 = Release|Win32
	EndGlobalSection
	GlobalSection(SolutionProperties) = preSolution
		HideSolutionNode = FALSE
	EndGlobalSection
	GlobalSection(ExtensibilityGlobals) = postSolution
		SolutionGuid = {1D9A664A-6FB6-4BD3-86A8-CF8BC6905EF8}
	EndGlobalSection
EndGlobal
